
Microsoft Visual Studio Solution File, Format Version 12.00
# Visual Studio 15
VisualStudioVersion = 15.0.28010.2046
MinimumVisualStudioVersion = 10.0.40219.1
Project("{FAE04EC0-301F-11D3-BF4B-00C04F79EFBC}") = "Morgengry", "Morgengry\Morgengry.csproj", "{8193880D-D05E-4191-A2DE-239273E4C9C2}"
EndProject
Global
	GlobalSection(SolutionConfigurationPlatforms) = preSolution
		Debug|Any CPU = Debug|Any CPU
		Release|Any CPU = Release|Any CPU
	EndGlobalSection
	GlobalSection(ProjectConfigurationPlatforms) = postSolution
		{8193880D-D05E-4191-A2DE-239273E4C9C2}.Debug|Any CPU.ActiveCfg = Debug|Any CPU
		{8193880D-D05E-4191-A2DE-239273E4C9C2}.Debug|Any CPU.Build.0 = Debug|Any CPU
		{8193880D-D05E-4191-A2DE-239273E4C9C2}.Release|Any CPU.ActiveCfg = Release|Any CPU
		{8193880D-D05E-4191-A2DE-239273E4C9C2}.Release|Any CPU.Build.0 = Release|Any CPU
	EndGlobalSection
	GlobalSection(SolutionProperties) = preSolution
		HideSolutionNode = FALSE
	EndGlobalSection
	GlobalSection(ExtensibilityGlobals) = postSolution
		SolutionGuid = {EEB200BE-CDE5-4D4A-A605-00EC32F76EC1}
	EndGlobalSection
EndGlobal
